
Microsoft Visual Studio Solution File, Format Version 12.00
# Visual Studio Version 16
VisualStudioVersion = 16.0.30611.23
MinimumVisualStudioVersion = 10.0.40219.1
Project("{8BC9CEB8-8B4A-11D0-8D11-00A0C91BC942}") = "Adapter", "Adapter\Adapter.vcxproj", "{3A7AAEA9-EB83-41EE-8505-30C39A1A2D89}"
EndProject
Project("{8BC9CEB8-8B4A-11D0-8D11-00A0C91BC942}") = "Bridge", "Bridge\Bridge.vcxproj", "{8A69C263-6F01-4FA6-A696-7E56FDD0B00A}"
EndProject
Project("{8BC9CEB8-8B4A-11D0-8D11-00A0C91BC942}") = "Composite", "Composite\Composite.vcxproj", "{0E6D07E2-F1DB-4079-BA3A-60009191340F}"
EndProject
Project("{8BC9CEB8-8B4A-11D0-8D11-00A0C91BC942}") = "Decorator", "Decorator\Decorator.vcxproj", "{973B51A9-1FBE-49A9-B36E-5EEF7A487AD2}"
EndProject
Project("{8BC9CEB8-8B4A-11D0-8D11-00A0C91BC942}") = "Facade", "Facade\Facade.vcxproj", "{8D0141BE-9B65-45E3-9688-01BF2D836DE7}"
EndProject
Project("{8BC9CEB8-8B4A-11D0-8D11-00A0C91BC942}") = "Flyweight", "Flyweight\Flyweight.vcxproj", "{D46B297C-D35C-42AE-AE18-782C17CB7C5C}"
EndProject
Project("{8BC9CEB8-8B4A-11D0-8D11-00A0C91BC942}") = "Proxy", "Proxy\Proxy.vcxproj", "{07C9D97C-5F54-4301-A9ED-B4E3604F46FB}"
EndProject
Project("{8BC9CEB8-8B4A-11D0-8D11-00A0C91BC942}") = "Factory_Method", "Factory_Method\Factory_Method.vcxproj", "{533B9283-7947-4449-A8C6-4923FF560553}"
EndProject
Project("{8BC9CEB8-8B4A-11D0-8D11-00A0C91BC942}") = "Abstract_Factory", "Abstract_Factory\Abstract_Factory.vcxproj", "{1A72242C-4B42-42C5-91E0-A6AB73084B88}"
EndProject
Project("{8BC9CEB8-8B4A-11D0-8D11-00A0C91BC942}") = "Builder", "Builder\Builder.vcxproj", "{8201EE98-A3FD-413F-A347-7FDC415178D4}"
EndProject
Project("{8BC9CEB8-8B4A-11D0-8D11-00A0C91BC942}") = "Prototype", "Prototype\Prototype.vcxproj", "{B342C582-E5DB-4199-B6F6-383A40AC4D39}"
EndProject
Project("{8BC9CEB8-8B4A-11D0-8D11-00A0C91BC942}") = "Singleton", "Singleton\Singleton.vcxproj", "{24A88DFE-14B8-46D3-A2FC-A1400CB33CF8}"
EndProject
Project("{8BC9CEB8-8B4A-11D0-8D11-00A0C91BC942}") = "Chain_of_Responsibility", "Chain_of_Responsibility\Chain_of_Responsibility.vcxproj", "{D722CBF7-6BDA-4B8D-8474-3F4063135537}"
EndProject
Project("{8BC9CEB8-8B4A-11D0-8D11-00A0C91BC942}") = "Command", "Command\Command.vcxproj", "{BA62310C-87FA-4CB9-B76D-1C0390462F59}"
EndProject
Project("{8BC9CEB8-8B4A-11D0-8D11-00A0C91BC942}") = "Iterator", "Iterator\Iterator.vcxproj", "{AF2DAC35-4236-42CE-B6F3-767B00E2BF74}"
EndProject
Project("{8BC9CEB8-8B4A-11D0-8D11-00A0C91BC942}") = "Mediator", "Mediator\Mediator.vcxproj", "{B8C9F89A-A298-4C59-841C-87A727F9CA7F}"
EndProject
Project("{8BC9CEB8-8B4A-11D0-8D11-00A0C91BC942}") = "Memento", "Memento\Memento.vcxproj", "{F4FD59F5-36F4-427E-BC06-0FCC6DF55121}"
EndProject
Project("{8BC9CEB8-8B4A-11D0-8D11-00A0C91BC942}") = "Observer", "Observer\Observer.vcxproj", "{60D5E31D-7872-423E-BB6C-4146E3E106D4}"
EndProject
Project("{8BC9CEB8-8B4A-11D0-8D11-00A0C91BC942}") = "State", "State\State.vcxproj", "{5A8CBBE6-0DD6-4903-B8AB-26B7F3C48F62}"
EndProject
Project("{8BC9CEB8-8B4A-11D0-8D11-00A0C91BC942}") = "Strategy", "Strategy\Strategy.vcxproj", "{BEC382C7-8D23-4A70-A4FD-F2E7A8B64A46}"
EndProject
Project("{8BC9CEB8-8B4A-11D0-8D11-00A0C91BC942}") = "Template_Method", "Template_Method\Template_Method.vcxproj", "{0603BD29-89DB-462F-932F-3FFAE0A7345A}"
EndProject
Project("{8BC9CEB8-8B4A-11D0-8D11-00A0C91BC942}") = "Visitor", "Visitor\Visitor.vcxproj", "{E88092DB-3209-4188-8297-2D290ED50837}"
EndProject
Global
	GlobalSection(SolutionConfigurationPlatforms) = preSolution
		Debug|x64 = Debug|x64
		Debug|x86 = Debug|x86
		Release|x64 = Release|x64
		Release|x86 = Release|x86
	EndGlobalSection
	GlobalSection(ProjectConfigurationPlatforms) = postSolution
		{3A7AAEA9-EB83-41EE-8505-30C39A1A2D89}.Debug|x64.ActiveCfg = Debug|x64
		{3A7AAEA9-EB83-41EE-8505-30C39A1A2D89}.Debug|x64.Build.0 = Debug|x64
		{3A7AAEA9-EB83-41EE-8505-30C39A1A2D89}.Debug|x86.ActiveCfg = Debug|Win32
		{3A7AAEA9-EB83-41EE-8505-30C39A1A2D89}.Debug|x86.Build.0 = Debug|Win32
		{3A7AAEA9-EB83-41EE-8505-30C39A1A2D89}.Release|x64.ActiveCfg = Release|x64
		{3A7AAEA9-EB83-41EE-8505-30C39A1A2D89}.Release|x64.Build.0 = Release|x64
		{3A7AAEA9-EB83-41EE-8505-30C39A1A2D89}.Release|x86.ActiveCfg = Release|Win32
		{3A7AAEA9-EB83-41EE-8505-30C39A1A2D89}.Release|x86.Build.0 = Release|Win32
		{8A69C263-6F01-4FA6-A696-7E56FDD0B00A}.Debug|x64.ActiveCfg = Debug|x64
		{8A69C263-6F01-4FA6-A696-7E56FDD0B00A}.Debug|x64.Build.0 = Debug|x64
		{8A69C263-6F01-4FA6-A696-7E56FDD0B00A}.Debug|x86.ActiveCfg = Debug|Win32
		{8A69C263-6F01-4FA6-A696-7E56FDD0B00A}.Debug|x86.Build.0 = Debug|Win32
		{8A69C263-6F01-4FA6-A696-7E56FDD0B00A}.Release|x64.ActiveCfg = Release|x64
		{8A69C263-6F01-4FA6-A696-7E56FDD0B00A}.Release|x64.Build.0 = Release|x64
		{8A69C263-6F01-4FA6-A696-7E56FDD0B00A}.Release|x86.ActiveCfg = Release|Win32
		{8A69C263-6F01-4FA6-A696-7E56FDD0B00A}.Release|x86.Build.0 = Release|Win32
		{0E6D07E2-F1DB-4079-BA3A-60009191340F}.Debug|x64.ActiveCfg = Debug|x64
		{0E6D07E2-F1DB-4079-BA3A-60009191340F}.Debug|x64.Build.0 = Debug|x64
		{0E6D07E2-F1DB-4079-BA3A-60009191340F}.Debug|x86.ActiveCfg = Debug|Win32
		{0E6D07E2-F1DB-4079-BA3A-60009191340F}.Debug|x86.Build.0 = Debug|Win32
		{0E6D07E2-F1DB-4079-BA3A-60009191340F}.Release|x64.ActiveCfg = Release|x64
		{0E6D07E2-F1DB-4079-BA3A-60009191340F}.Release|x64.Build.0 = Release|x64
		{0E6D07E2-F1DB-4079-BA3A-60009191340F}.Release|x86.ActiveCfg = Release|Win32
		{0E6D07E2-F1DB-4079-BA3A-60009191340F}.Release|x86.Build.0 = Release|Win32
		{973B51A9-1FBE-49A9-B36E-5EEF7A487AD2}.Debug|x64.ActiveCfg = Debug|x64
		{973B51A9-1FBE-49A9-B36E-5EEF7A487AD2}.Debug|x64.Build.0 = Debug|x64
		{973B51A9-1FBE-49A9-B36E-5EEF7A487AD2}.Debug|x86.ActiveCfg = Debug|Win32
		{973B51A9-1FBE-49A9-B36E-5EEF7A487AD2}.Debug|x86.Build.0 = Debug|Win32
		{973B51A9-1FBE-49A9-B36E-5EEF7A487AD2}.Release|x64.ActiveCfg = Release|x64
		{973B51A9-1FBE-49A9-B36E-5EEF7A487AD2}.Release|x64.Build.0 = Release|x64
		{973B51A9-1FBE-49A9-B36E-5EEF7A487AD2}.Release|x86.ActiveCfg = Release|Win32
		{973B51A9-1FBE-49A9-B36E-5EEF7A487AD2}.Release|x86.Build.0 = Release|Win32
		{8D0141BE-9B65-45E3-9688-01BF2D836DE7}.Debug|x64.ActiveCfg = Debug|x64
		{8D0141BE-9B65-45E3-9688-01BF2D836DE7}.Debug|x64.Build.0 = Debug|x64
		{8D0141BE-9B65-45E3-9688-01BF2D836DE7}.Debug|x86.ActiveCfg = Debug|Win32
		{8D0141BE-9B65-45E3-9688-01BF2D836DE7}.Debug|x86.Build.0 = Debug|Win32
		{8D0141BE-9B65-45E3-9688-01BF2D836DE7}.Release|x64.ActiveCfg = Release|x64
		{8D0141BE-9B65-45E3-9688-01BF2D836DE7}.Release|x64.Build.0 = Release|x64
		{8D0141BE-9B65-45E3-9688-01BF2D836DE7}.Release|x86.ActiveCfg = Release|Win32
		{8D0141BE-9B65-45E3-9688-01BF2D836DE7}.Release|x86.Build.0 = Release|Win32
		{D46B297C-D35C-42AE-AE18-782C17CB7C5C}.Debug|x64.ActiveCfg = Debug|x64
		{D46B297C-D35C-42AE-AE18-782C17CB7C5C}.Debug|x64.Build.0 = Debug|x64
		{D46B297C-D35C-42AE-AE18-782C17CB7C5C}.Debug|x86.ActiveCfg = Debug|Win32
		{D46B297C-D35C-42AE-AE18-782C17CB7C5C}.Debug|x86.Build.0 = Debug|Win32
		{D46B297C-D35C-42AE-AE18-782C17CB7C5C}.Release|x64.ActiveCfg = Release|x64
		{D46B297C-D35C-42AE-AE18-782C17CB7C5C}.Release|x64.Build.0 = Release|x64
		{D46B297C-D35C-42AE-AE18-782C17CB7C5C}.Release|x86.ActiveCfg = Release|Win32
		{D46B297C-D35C-42AE-AE18-782C17CB7C5C}.Release|x86.Build.0 = Release|Win32
		{07C9D97C-5F54-4301-A9ED-B4E3604F46FB}.Debug|x64.ActiveCfg = Debug|x64
		{07C9D97C-5F54-4301-A9ED-B4E3604F46FB}.Debug|x64.Build.0 = Debug|x64
		{07C9D97C-5F54-4301-A9ED-B4E3604F46FB}.Debug|x86.ActiveCfg = Debug|Win32
		{07C9D97C-5F54-4301-A9ED-B4E3604F46FB}.Debug|x86.Build.0 = Debug|Win32
		{07C9D97C-5F54-4301-A9ED-B4E3604F46FB}.Release|x64.ActiveCfg = Release|x64
		{07C9D97C-5F54-4301-A9ED-B4E3604F46FB}.Release|x64.Build.0 = Release|x64
		{07C9D97C-5F54-4301-A9ED-B4E3604F46FB}.Release|x86.ActiveCfg = Release|Win32
		{07C9D97C-5F54-4301-A9ED-B4E3604F46FB}.Release|x86.Build.0 = Release|Win32
		{533B9283-7947-4449-A8C6-4923FF560553}.Debug|x64.ActiveCfg = Debug|x64
		{533B9283-7947-4449-A8C6-4923FF560553}.Debug|x64.Build.0 = Debug|x64
		{533B9283-7947-4449-A8C6-4923FF560553}.Debug|x86.ActiveCfg = Debug|Win32
		{533B9283-7947-4449-A8C6-4923FF560553}.Debug|x86.Build.0 = Debug|Win32
		{533B9283-7947-4449-A8C6-4923FF560553}.Release|x64.ActiveCfg = Release|x64
		{533B9283-7947-4449-A8C6-4923FF560553}.Release|x64.Build.0 = Release|x64
		{533B9283-7947-4449-A8C6-4923FF560553}.Release|x86.ActiveCfg = Release|Win32
		{533B9283-7947-4449-A8C6-4923FF560553}.Release|x86.Build.0 = Release|Win32
		{1A72242C-4B42-42C5-91E0-A6AB73084B88}.Debug|x64.ActiveCfg = Debug|x64
		{1A72242C-4B42-42C5-91E0-A6AB73084B88}.Debug|x64.Build.0 = Debug|x64
		{1A72242C-4B42-42C5-91E0-A6AB73084B88}.Debug|x86.ActiveCfg = Debug|Win32
		{1A72242C-4B42-42C5-91E0-A6AB73084B88}.Debug|x86.Build.0 = Debug|Win32
		{1A72242C-4B42-42C5-91E0-A6AB73084B88}.Release|x64.ActiveCfg = Release|x64
		{1A72242C-4B42-42C5-91E0-A6AB73084B88}.Release|x64.Build.0 = Release|x64
		{1A72242C-4B42-42C5-91E0-A6AB73084B88}.Release|x86.ActiveCfg = Release|Win32
		{1A72242C-4B42-42C5-91E0-A6AB73084B88}.Release|x86.Build.0 = Release|Win32
		{8201EE98-A3FD-413F-A347-7FDC415178D4}.Debug|x64.ActiveCfg = Debug|x64
		{8201EE98-A3FD-413F-A347-7FDC415178D4}.Debug|x64.Build.0 = Debug|x64
		{8201EE98-A3FD-413F-A347-7FDC415178D4}.Debug|x86.ActiveCfg = Debug|Win32
		{8201EE98-A3FD-413F-A347-7FDC415178D4}.Debug|x86.Build.0 = Debug|Win32
		{8201EE98-A3FD-413F-A347-7FDC415178D4}.Release|x64.ActiveCfg = Release|x64
		{8201EE98-A3FD-413F-A347-7FDC415178D4}.Release|x64.Build.0 = Release|x64
		{8201EE98-A3FD-413F-A347-7FDC415178D4}.Release|x86.ActiveCfg = Release|Win32
		{8201EE98-A3FD-413F-A347-7FDC415178D4}.Release|x86.Build.0 = Release|Win32
		{B342C582-E5DB-4199-B6F6-383A40AC4D39}.Debug|x64.ActiveCfg = Debug|x64
		{B342C582-E5DB-4199-B6F6-383A40AC4D39}.Debug|x64.Build.0 = Debug|x64
		{B342C582-E5DB-4199-B6F6-383A40AC4D39}.Debug|x86.ActiveCfg = Debug|Win32
		{B342C582-E5DB-4199-B6F6-383A40AC4D39}.Debug|x86.Build.0 = Debug|Win32
		{B342C582-E5DB-4199-B6F6-383A40AC4D39}.Release|x64.ActiveCfg = Release|x64
		{B342C582-E5DB-4199-B6F6-383A40AC4D39}.Release|x64.Build.0 = Release|x64
		{B342C582-E5DB-4199-B6F6-383A40AC4D39}.Release|x86.ActiveCfg = Release|Win32
		{B342C582-E5DB-4199-B6F6-383A40AC4D39}.Release|x86.Build.0 = Release|Win32
		{24A88DFE-14B8-46D3-A2FC-A1400CB33CF8}.Debug|x64.ActiveCfg = Debug|x64
		{24A88DFE-14B8-46D3-A2FC-A1400CB33CF8}.Debug|x64.Build.0 = Debug|x64
		{24A88DFE-14B8-46D3-A2FC-A1400CB33CF8}.Debug|x86.ActiveCfg = Debug|Win32
		{24A88DFE-14B8-46D3-A2FC-A1400CB33CF8}.Debug|x86.Build.0 = Debug|Win32
		{24A88DFE-14B8-46D3-A2FC-A1400CB33CF8}.Release|x64.ActiveCfg = Release|x64
		{24A88DFE-14B8-46D3-A2FC-A1400CB33CF8}.Release|x64.Build.0 = Release|x64
		{24A88DFE-14B8-46D3-A2FC-A1400CB33CF8}.Release|x86.ActiveCfg = Release|Win32
		{24A88DFE-14B8-46D3-A2FC-A1400CB33CF8}.Release|x86.Build.0 = Release|Win32
		{D722CBF7-6BDA-4B8D-8474-3F4063135537}.Debug|x64.ActiveCfg = Debug|x64
		{D722CBF7-6BDA-4B8D-8474-3F4063135537}.Debug|x64.Build.0 = Debug|x64
		{D722CBF7-6BDA-4B8D-8474-3F4063135537}.Debug|x86.ActiveCfg = Debug|Win32
		{D722CBF7-6BDA-4B8D-8474-3F4063135537}.Debug|x86.Build.0 = Debug|Win32
		{D722CBF7-6BDA-4B8D-8474-3F4063135537}.Release|x64.ActiveCfg = Release|x64
		{D722CBF7-6BDA-4B8D-8474-3F4063135537}.Release|x64.Build.0 = Release|x64
		{D722CBF7-6BDA-4B8D-8474-3F4063135537}.Release|x86.ActiveCfg = Release|Win32
		{D722CBF7-6BDA-4B8D-8474-3F4063135537}.Release|x86.Build.0 = Release|Win32
		{BA62310C-87FA-4CB9-B76D-1C0390462F59}.Debug|x64.ActiveCfg = Debug|x64
		{BA62310C-87FA-4CB9-B76D-1C0390462F59}.Debug|x64.Build.0 = Debug|x64
		{BA62310C-87FA-4CB9-B76D-1C0390462F59}.Debug|x86.ActiveCfg = Debug|Win32
		{BA62310C-87FA-4CB9-B76D-1C0390462F59}.Debug|x86.Build.0 = Debug|Win32
		{BA62310C-87FA-4CB9-B76D-1C0390462F59}.Release|x64.ActiveCfg = Release|x64
		{BA62310C-87FA-4CB9-B76D-1C0390462F59}.Release|x64.Build.0 = Release|x64
		{BA62310C-87FA-4CB9-B76D-1C0390462F59}.Release|x86.ActiveCfg = Release|Win32
		{BA62310C-87FA-4CB9-B76D-1C0390462F59}.Release|x86.Build.0 = Release|Win32
		{AF2DAC35-4236-42CE-B6F3-767B00E2BF74}.Debug|x64.ActiveCfg = Debug|x64
		{AF2DAC35-4236-42CE-B6F3-767B00E2BF74}.Debug|x64.Build.0 = Debug|x64
		{AF2DAC35-4236-42CE-B6F3-767B00E2BF74}.Debug|x86.ActiveCfg = Debug|Win32
		{AF2DAC35-4236-42CE-B6F3-767B00E2BF74}.Debug|x86.Build.0 = Debug|Win32
		{AF2DAC35-4236-42CE-B6F3-767B00E2BF74}.Release|x64.ActiveCfg = Release|x64
		{AF2DAC35-4236-42CE-B6F3-767B00E2BF74}.Release|x64.Build.0 = Release|x64
		{AF2DAC35-4236-42CE-B6F3-767B00E2BF74}.Release|x86.ActiveCfg = Release|Win32
		{AF2DAC35-4236-42CE-B6F3-767B00E2BF74}.Release|x86.Build.0 = Release|Win32
		{B8C9F89A-A298-4C59-841C-87A727F9CA7F}.Debug|x64.ActiveCfg = Debug|x64
		{B8C9F89A-A298-4C59-841C-87A727F9CA7F}.Debug|x64.Build.0 = Debug|x64
		{B8C9F89A-A298-4C59-841C-87A727F9CA7F}.Debug|x86.ActiveCfg = Debug|Win32
		{B8C9F89A-A298-4C59-841C-87A727F9CA7F}.Debug|x86.Build.0 = Debug|Win32
		{B8C9F89A-A298-4C59-841C-87A727F9CA7F}.Release|x64.ActiveCfg = Release|x64
		{B8C9F89A-A298-4C59-841C-87A727F9CA7F}.Release|x64.Build.0 = Release|x64
		{B8C9F89A-A298-4C59-841C-87A727F9CA7F}.Release|x86.ActiveCfg = Release|Win32
		{B8C9F89A-A298-4C59-841C-87A727F9CA7F}.Release|x86.Build.0 = Release|Win32
		{F4FD59F5-36F4-427E-BC06-0FCC6DF55121}.Debug|x64.ActiveCfg = Debug|x64
		{F4FD59F5-36F4-427E-BC06-0FCC6DF55121}.Debug|x64.Build.0 = Debug|x64
		{F4FD59F5-36F4-427E-BC06-0FCC6DF55121}.Debug|x86.ActiveCfg = Debug|Win32
		{F4FD59F5-36F4-427E-BC06-0FCC6DF55121}.Debug|x86.Build.0 = Debug|Win32
		{F4FD59F5-36F4-427E-BC06-0FCC6DF55121}.Release|x64.ActiveCfg = Release|x64
		{F4FD59F5-36F4-427E-BC06-0FCC6DF55121}.Release|x64.Build.0 = Release|x64
		{F4FD59F5-36F4-427E-BC06-0FCC6DF55121}.Release|x86.ActiveCfg = Release|Win32
		{F4FD59F5-36F4-427E-BC06-0FCC6DF55121}.Release|x86.Build.0 = Release|Win32
		{60D5E31D-7872-423E-BB6C-4146E3E106D4}.Debug|x64.ActiveCfg = Debug|x64
		{60D5E31D-7872-423E-BB6C-4146E3E106D4}.Debug|x64.Build.0 = Debug|x64
		{60D5E31D-7872-423E-BB6C-4146E3E106D4}.Debug|x86.ActiveCfg = Debug|Win32
		{60D5E31D-7872-423E-BB6C-4146E3E106D4}.Debug|x86.Build.0 = Debug|Win32
		{60D5E31D-7872-423E-BB6C-4146E3E106D4}.Release|x64.ActiveCfg = Release|x64
		{60D5E31D-7872-423E-BB6C-4146E3E106D4}.Release|x64.Build.0 = Release|x64
		{60D5E31D-7872-423E-BB6C-4146E3E106D4}.Release|x86.ActiveCfg = Release|Win32
		{60D5E31D-7872-423E-BB6C-4146E3E106D4}.Release|x86.Build.0 = Release|Win32
		{5A8CBBE6-0DD6-4903-B8AB-26B7F3C48F62}.Debug|x64.ActiveCfg = Debug|x64
		{5A8CBBE6-0DD6-4903-B8AB-26B7F3C48F62}.Debug|x64.Build.0 = Debug|x64
		{5A8CBBE6-0DD6-4903-B8AB-26B7F3C48F62}.Debug|x86.ActiveCfg = Debug|Win32
		{5A8CBBE6-0DD6-4903-B8AB-26B7F3C48F62}.Debug|x86.Build.0 = Debug|Win32
		{5A8CBBE6-0DD6-4903-B8AB-26B7F3C48F62}.Release|x64.ActiveCfg = Release|x64
		{5A8CBBE6-0DD6-4903-B8AB-26B7F3C48F62}.Release|x64.Build.0 = Release|x64
		{5A8CBBE6-0DD6-4903-B8AB-26B7F3C48F62}.Release|x86.ActiveCfg = Release|Win32
		{5A8CBBE6-0DD6-4903-B8AB-26B7F3C48F62}.Release|x86.Build.0 = Release|Win32
		{BEC382C7-8D23-4A70-A4FD-F2E7A8B64A46}.Debug|x64.ActiveCfg = Debug|x64
		{BEC382C7-8D23-4A70-A4FD-F2E7A8B64A46}.Debug|x64.Build.0 = Debug|x64
		{BEC382C7-8D23-4A70-A4FD-F2E7A8B64A46}.Debug|x86.ActiveCfg = Debug|Win32
		{BEC382C7-8D23-4A70-A4FD-F2E7A8B64A46}.Debug|x86.Build.0 = Debug|Win32
		{BEC382C7-8D23-4A70-A4FD-F2E7A8B64A46}.Release|x64.ActiveCfg = Release|x64
		{BEC382C7-8D23-4A70-A4FD-F2E7A8B64A46}.Release|x64.Build.0 = Release|x64
		{BEC382C7-8D23-4A70-A4FD-F2E7A8B64A46}.Release|x86.ActiveCfg = Release|Win32
		{BEC382C7-8D23-4A70-A4FD-F2E7A8B64A46}.Release|x86.Build.0 = Release|Win32
		{0603BD29-89DB-462F-932F-3FFAE0A7345A}.Debug|x64.ActiveCfg = Debug|x64
		{0603BD29-89DB-462F-932F-3FFAE0A7345A}.Debug|x64.Build.0 = Debug|x64
		{0603BD29-89DB-462F-932F-3FFAE0A7345A}.Debug|x86.ActiveCfg = Debug|Win32
		{0603BD29-89DB-462F-932F-3FFAE0A7345A}.Debug|x86.Build.0 = Debug|Win32
		{0603BD29-89DB-462F-932F-3FFAE0A7345A}.Release|x64.ActiveCfg = Release|x64
		{0603BD29-89DB-462F-932F-3FFAE0A7345A}.Release|x64.Build.0 = Release|x64
		{0603BD29-89DB-462F-932F-3FFAE0A7345A}.Release|x86.ActiveCfg = Release|Win32
		{0603BD29-89DB-462F-932F-3FFAE0A7345A}.Release|x86.Build.0 = Release|Win32
		{E88092DB-3209-4188-8297-2D290ED50837}.Debug|x64.ActiveCfg = Debug|x64
		{E88092DB-3209-4188-8297-2D290ED50837}.Debug|x64.Build.0 = Debug|x64
		{E88092DB-3209-4188-8297-2D290ED50837}.Debug|x86.ActiveCfg = Debug|Win32
		{E88092DB-3209-4188-8297-2D290ED50837}.Debug|x86.Build.0 = Debug|Win32
		{E88092DB-3209-4188-8297-2D290ED50837}.Release|x64.ActiveCfg = Release|x64
		{E88092DB-3209-4188-8297-2D290ED50837}.Release|x64.Build.0 = Release|x64
		{E88092DB-3209-4188-8297-2D290ED50837}.Release|x86.ActiveCfg = Release|Win32
		{E88092DB-3209-4188-8297-2D290ED50837}.Release|x86.Build.0 = Release|Win32
	EndGlobalSection
	GlobalSection(SolutionProperties) = preSolution
		HideSolutionNode = FALSE
	EndGlobalSection
	GlobalSection(ExtensibilityGlobals) = postSolution
		SolutionGuid = {AFB1B727-067C-4238-961E-747E470F2D1A}
	EndGlobalSection
EndGlobal
